dependencies:
- name: ingress-nginx
  repository: https://kubernetes.github.io/ingress-nginx
  version: 4.7.1
- name: cert-manager
  repository: https://charts.jetstack.io
  version: v1.11.2
- name: metrics-server
  repository: https://kubernetes-sigs.github.io/metrics-server/
  version: 3.8.4
- name: kong
  repository: https://charts.konghq.com
  version: 2.38.0
digest: sha256:226449310a2a7d1d89ba7a1d268fa21f6c702589b10d4097f2f2a3601f4bbab6
generated: "2024-03-01T16:11:58.462480226+01:00"
