dependencies:
- name: ingress-nginx
  repository: https://kubernetes.github.io/ingress-nginx
  version: 4.10.1
- name: cert-manager
  repository: https://charts.jetstack.io
  version: v1.14.5
- name: metrics-server
  repository: https://kubernetes-sigs.github.io/metrics-server/
  version: 3.12.1
- name: kong
  repository: https://charts.konghq.com
  version: 2.38.0
digest: sha256:ef535931f6d08b3b4b242cba567d0c02a072cf7cf68431f58a0d8d283b3b72b5
generated: "2024-06-04T11:32:45.155515532+02:00"
