dependencies:
- name: ingress-nginx
  repository: https://kubernetes.github.io/ingress-nginx
  version: 4.13.3
- name: cert-manager
  repository: https://charts.jetstack.io
  version: v1.19.1
- name: metrics-server
  repository: https://kubernetes-sigs.github.io/metrics-server/
  version: 3.13.0
- name: kong
  repository: https://charts.konghq.com
  version: 2.52.0
digest: sha256:0fef614778e161890da3c3d80f4f709f4ada77c724bd9bf2a173ccac9300852d
generated: "2025-10-30T10:43:34.473207542+01:00"
