dependencies:
- name: nginx-ingress
  repository: https://helm.nginx.com/stable
  version: 0.15.2
- name: cert-manager
  repository: https://charts.jetstack.io
  version: v1.10.1
- name: metrics-server
  repository: https://kubernetes-sigs.github.io/metrics-server/
  version: 3.8.3
digest: sha256:b1c1f6bf0347a7cd7cdcdf81f05f9abf986f414caabc8c5d2caf4c73d73a7f19
generated: "2023-03-17T13:25:33.605448162+01:00"
