dependencies:
- name: nginx-ingress
  repository: https://helm.nginx.com/stable
  version: 0.15.2
- name: cert-manager
  repository: https://charts.jetstack.io
  version: v1.10.1
- name: metrics-server
  repository: https://kubernetes-sigs.github.io/metrics-server/
  version: 3.8.2
digest: sha256:d4bda91925780479788f89583b395458de20dd5064d7cd1c8f7e3563418fff2c
generated: "2022-12-16T12:37:32.433167407+01:00"
