dependencies:
- name: nginx-ingress
  repository: https://helm.nginx.com/stable
  version: 0.17.0
- name: cert-manager
  repository: https://charts.jetstack.io
  version: v1.11.1
- name: metrics-server
  repository: https://kubernetes-sigs.github.io/metrics-server/
  version: 3.8.4
digest: sha256:b0e97bb9e5954c560255b4006f6b299bb54bc1b1b21b4834c0510efeba9548a5
generated: "2023-04-28T11:42:28.038669782+02:00"
